
Microsoft Visual Studio Solution File, Format Version 12.00
# Visual Studio Version 16
VisualStudioVersion = 16.0.32901.82
MinimumVisualStudioVersion = 10.0.40219.1
Project("{FAE04EC0-301F-11D3-BF4B-00C04F79EFBC}") = "ПЗ_7", "ПЗ_7\ПЗ_7.csproj", "{9624071E-95FB-433A-920B-33B023E1D326}"
EndProject
Global
	GlobalSection(SolutionConfigurationPlatforms) = preSolution
		Debug|Any CPU = Debug|Any CPU
		Release|Any CPU = Release|Any CPU
	EndGlobalSection
	GlobalSection(ProjectConfigurationPlatforms) = postSolution
		{9624071E-95FB-433A-920B-33B023E1D326}.Debug|Any CPU.ActiveCfg = Debug|Any CPU
		{9624071E-95FB-433A-920B-33B023E1D326}.Debug|Any CPU.Build.0 = Debug|Any CPU
		{9624071E-95FB-433A-920B-33B023E1D326}.Release|Any CPU.ActiveCfg = Release|Any CPU
		{9624071E-95FB-433A-920B-33B023E1D326}.Release|Any CPU.Build.0 = Release|Any CPU
	EndGlobalSection
	GlobalSection(SolutionProperties) = preSolution
		HideSolutionNode = FALSE
	EndGlobalSection
	GlobalSection(ExtensibilityGlobals) = postSolution
		SolutionGuid = {B5E9BED4-0048-4C02-8675-31B14A94D74D}
	EndGlobalSection
EndGlobal
